
Microsoft Visual Studio Solution File, Format Version 12.00
# Visual Studio Version 17
VisualStudioVersion = 17.14.36221.1 d17.14
MinimumVisualStudioVersion = 10.0.40219.1
Project("{ea9c1953-cf49-48de-9f24-0da739721f58}") = "MapUpgrade", "MapUpgrade\MapUpgrade.csproj", "{7360da92-18d3-4edf-8a01-f5a0ba806068}"
EndProject
Global
	GlobalSection(SolutionConfigurationPlatforms) = preSolution
		Debug|Any CPU = Debug|Any CPU
		Release|Any CPU = Release|Any CPU
	EndGlobalSection
	GlobalSection(ProjectConfigurationPlatforms) = postSolution
		{7360da92-18d3-4edf-8a01-f5a0ba806068}.Debug|Any CPU.ActiveCfg = Debug|Any CPU
		{7360da92-18d3-4edf-8a01-f5a0ba806068}.Debug|Any CPU.Build.0 = Debug|Any CPU
		{7360da92-18d3-4edf-8a01-f5a0ba806068}.Release|Any CPU.ActiveCfg = Release|Any CPU
		{7360da92-18d3-4edf-8a01-f5a0ba806068}.Release|Any CPU.Build.0 = Release|Any CPU
	EndGlobalSection
	GlobalSection(SolutionProperties) = preSolution
		HideSolutionNode = FALSE
	EndGlobalSection
	GlobalSection(ExtensibilityGlobals) = postSolution
		SolutionGuid = {4e46412c-5028-498c-83bf-454264845767}
	EndGlobalSection
EndGlobal
